
Microsoft Visual Studio Solution File, Format Version 12.00
# Visual Studio 15
VisualStudioVersion = 15.0.26124.0
MinimumVisualStudioVersion = 15.0.26124.0
Project("{FAE04EC0-301F-11D3-BF4B-00C04F79EFBC}") = "GameTOP", "GameTOP\GameTOP.csproj", "{3D3B1536-0370-4A3C-AFEF-1A4D2B2E7365}"
EndProject
Project("{FAE04EC0-301F-11D3-BF4B-00C04F79EFBC}") = "GameTOP.Lib", "GameTOP.Lib\GameTOP.Lib.csproj", "{16707A44-BF1F-4988-9225-1B01324D193D}"
EndProject
Project("{FAE04EC0-301F-11D3-BF4B-00C04F79EFBC}") = "GameTOP.Interface", "GameTOP.Interface\GameTOP.Interface.csproj", "{25A85FCE-EEBD-479F-B8C9-71874BEBE1A8}"
EndProject
Global
	GlobalSection(SolutionConfigurationPlatforms) = preSolution
		Debug|Any CPU = Debug|Any CPU
		Debug|x64 = Debug|x64
		Debug|x86 = Debug|x86
		Release|Any CPU = Release|Any CPU
		Release|x64 = Release|x64
		Release|x86 = Release|x86
	EndGlobalSection
	GlobalSection(SolutionProperties) = preSolution
		HideSolutionNode = FALSE
	EndGlobalSection
	GlobalSection(ProjectConfigurationPlatforms) = postSolution
		{3D3B1536-0370-4A3C-AFEF-1A4D2B2E7365}.Debug|Any CPU.ActiveCfg = Debug|Any CPU
		{3D3B1536-0370-4A3C-AFEF-1A4D2B2E7365}.Debug|Any CPU.Build.0 = Debug|Any CPU
		{3D3B1536-0370-4A3C-AFEF-1A4D2B2E7365}.Debug|x64.ActiveCfg = Debug|Any CPU
		{3D3B1536-0370-4A3C-AFEF-1A4D2B2E7365}.Debug|x64.Build.0 = Debug|Any CPU
		{3D3B1536-0370-4A3C-AFEF-1A4D2B2E7365}.Debug|x86.ActiveCfg = Debug|Any CPU
		{3D3B1536-0370-4A3C-AFEF-1A4D2B2E7365}.Debug|x86.Build.0 = Debug|Any CPU
		{3D3B1536-0370-4A3C-AFEF-1A4D2B2E7365}.Release|Any CPU.ActiveCfg = Release|Any CPU
		{3D3B1536-0370-4A3C-AFEF-1A4D2B2E7365}.Release|Any CPU.Build.0 = Release|Any CPU
		{3D3B1536-0370-4A3C-AFEF-1A4D2B2E7365}.Release|x64.ActiveCfg = Release|Any CPU
		{3D3B1536-0370-4A3C-AFEF-1A4D2B2E7365}.Release|x64.Build.0 = Release|Any CPU
		{3D3B1536-0370-4A3C-AFEF-1A4D2B2E7365}.Release|x86.ActiveCfg = Release|Any CPU
		{3D3B1536-0370-4A3C-AFEF-1A4D2B2E7365}.Release|x86.Build.0 = Release|Any CPU
		{16707A44-BF1F-4988-9225-1B01324D193D}.Debug|Any CPU.ActiveCfg = Debug|Any CPU
		{16707A44-BF1F-4988-9225-1B01324D193D}.Debug|Any CPU.Build.0 = Debug|Any CPU
		{16707A44-BF1F-4988-9225-1B01324D193D}.Debug|x64.ActiveCfg = Debug|Any CPU
		{16707A44-BF1F-4988-9225-1B01324D193D}.Debug|x64.Build.0 = Debug|Any CPU
		{16707A44-BF1F-4988-9225-1B01324D193D}.Debug|x86.ActiveCfg = Debug|Any CPU
		{16707A44-BF1F-4988-9225-1B01324D193D}.Debug|x86.Build.0 = Debug|Any CPU
		{16707A44-BF1F-4988-9225-1B01324D193D}.Release|Any CPU.ActiveCfg = Release|Any CPU
		{16707A44-BF1F-4988-9225-1B01324D193D}.Release|Any CPU.Build.0 = Release|Any CPU
		{16707A44-BF1F-4988-9225-1B01324D193D}.Release|x64.ActiveCfg = Release|Any CPU
		{16707A44-BF1F-4988-9225-1B01324D193D}.Release|x64.Build.0 = Release|Any CPU
		{16707A44-BF1F-4988-9225-1B01324D193D}.Release|x86.ActiveCfg = Release|Any CPU
		{16707A44-BF1F-4988-9225-1B01324D193D}.Release|x86.Build.0 = Release|Any CPU
		{25A85FCE-EEBD-479F-B8C9-71874BEBE1A8}.Debug|Any CPU.ActiveCfg = Debug|Any CPU
		{25A85FCE-EEBD-479F-B8C9-71874BEBE1A8}.Debug|Any CPU.Build.0 = Debug|Any CPU
		{25A85FCE-EEBD-479F-B8C9-71874BEBE1A8}.Debug|x64.ActiveCfg = Debug|Any CPU
		{25A85FCE-EEBD-479F-B8C9-71874BEBE1A8}.Debug|x64.Build.0 = Debug|Any CPU
		{25A85FCE-EEBD-479F-B8C9-71874BEBE1A8}.Debug|x86.ActiveCfg = Debug|Any CPU
		{25A85FCE-EEBD-479F-B8C9-71874BEBE1A8}.Debug|x86.Build.0 = Debug|Any CPU
		{25A85FCE-EEBD-479F-B8C9-71874BEBE1A8}.Release|Any CPU.ActiveCfg = Release|Any CPU
		{25A85FCE-EEBD-479F-B8C9-71874BEBE1A8}.Release|Any CPU.Build.0 = Release|Any CPU
		{25A85FCE-EEBD-479F-B8C9-71874BEBE1A8}.Release|x64.ActiveCfg = Release|Any CPU
		{25A85FCE-EEBD-479F-B8C9-71874BEBE1A8}.Release|x64.Build.0 = Release|Any CPU
		{25A85FCE-EEBD-479F-B8C9-71874BEBE1A8}.Release|x86.ActiveCfg = Release|Any CPU
		{25A85FCE-EEBD-479F-B8C9-71874BEBE1A8}.Release|x86.Build.0 = Release|Any CPU
	EndGlobalSection
EndGlobal
